
Microsoft Visual Studio Solution File, Format Version 12.00
# Visual Studio Version 16
VisualStudioVersion = 16.0.31605.320
MinimumVisualStudioVersion = 10.0.40219.1
Project("{2150E333-8FDC-42A3-9474-1A3956D46DE8}") = "app", "app", "{DE34A0D6-0077-479D-BF64-0486A18F90A7}"
EndProject
Project("{2150E333-8FDC-42A3-9474-1A3956D46DE8}") = "src", "src", "{C460CB99-A5A9-40B6-A618-222A81C1F779}"
EndProject
Project("{2150E333-8FDC-42A3-9474-1A3956D46DE8}") = "docs", "docs", "{446A6EDD-8FF6-4F95-872C-BCA1BAD01DAA}"
EndProject
Project("{9A19103F-16F7-4668-BE54-9A1E7A4F7556}") = "PLM.Docs", "docs\PLM.Docs.csproj", "{28A2490F-AC15-475C-9B2B-F0F292F6FECC}"
EndProject
Project("{2150E333-8FDC-42A3-9474-1A3956D46DE8}") = "builder", "builder", "{B8901885-65FB-4A00-BB94-F3684D206AF3}"
	ProjectSection(SolutionItems) = preProject
		Directory.Build.props = Directory.Build.props
		README.md = README.md
	EndProjectSection
EndProject
Project("{2150E333-8FDC-42A3-9474-1A3956D46DE8}") = "Versions", "Versions", "{8EA851E1-EA5A-4D63-8A2D-FDC672A39137}"
	ProjectSection(SolutionItems) = preProject
		build\Dependencies.props = build\Dependencies.props
	EndProjectSection
EndProject
Project("{9A19103F-16F7-4668-BE54-9A1E7A4F7556}") = "PLM.Website", "app\PLM.Website\PLM.Website.csproj", "{EF3286D2-01C4-4EE9-87F2-0F806A8346AD}"
EndProject
Project("{2150E333-8FDC-42A3-9474-1A3956D46DE8}") = "Infrastructure", "Infrastructure", "{07042C3F-B638-4BC6-8CBC-B9FF7A5D319D}"
EndProject
Project("{2150E333-8FDC-42A3-9474-1A3956D46DE8}") = "Modules", "Modules", "{D89D7159-9EAC-4F66-8C96-9CC048F7C0DE}"
EndProject
Project("{2150E333-8FDC-42A3-9474-1A3956D46DE8}") = "Core", "Core", "{7A262386-8E9C-4827-9C24-35E25660B730}"
EndProject
Project("{2150E333-8FDC-42A3-9474-1A3956D46DE8}") = "Targets", "Targets", "{A3111683-BBC8-49A9-A17A-8D7E8DFDA7D9}"
EndProject
Project("{2150E333-8FDC-42A3-9474-1A3956D46DE8}") = "Freamworks", "Freamworks", "{C139E026-03A9-4C97-9221-17260BE4A50B}"
EndProject
Project("{FAE04EC0-301F-11D3-BF4B-00C04F79EFBC}") = "PLM.Modelu.Freamwork", "freamworks\PLM.Modelu.Freamwork\PLM.Modelu.Freamwork.csproj", "{9438BDA0-C461-4034-8C80-571D1E41D24C}"
EndProject
Project("{FAE04EC0-301F-11D3-BF4B-00C04F79EFBC}") = "PLM.Annotations", "src\PLM.Annotations\PLM.Annotations.csproj", "{BFA0CAA6-460B-4206-9923-9CAA065D711C}"
EndProject
Project("{FAE04EC0-301F-11D3-BF4B-00C04F79EFBC}") = "PLM.Modelu.Targets", "src\PLM.Modelu.Targets\PLM.Modelu.Targets.csproj", "{76509951-B4BE-41CC-AF5E-ED4F8B5AE892}"
EndProject
Global
	GlobalSection(SolutionConfigurationPlatforms) = preSolution
		Debug|Any CPU = Debug|Any CPU
		Release|Any CPU = Release|Any CPU
	EndGlobalSection
	GlobalSection(ProjectConfigurationPlatforms) = postSolution
		{28A2490F-AC15-475C-9B2B-F0F292F6FECC}.Debug|Any CPU.ActiveCfg = Debug|Any CPU
		{28A2490F-AC15-475C-9B2B-F0F292F6FECC}.Debug|Any CPU.Build.0 = Debug|Any CPU
		{28A2490F-AC15-475C-9B2B-F0F292F6FECC}.Release|Any CPU.ActiveCfg = Release|Any CPU
		{28A2490F-AC15-475C-9B2B-F0F292F6FECC}.Release|Any CPU.Build.0 = Release|Any CPU
		{EF3286D2-01C4-4EE9-87F2-0F806A8346AD}.Debug|Any CPU.ActiveCfg = Debug|Any CPU
		{EF3286D2-01C4-4EE9-87F2-0F806A8346AD}.Debug|Any CPU.Build.0 = Debug|Any CPU
		{EF3286D2-01C4-4EE9-87F2-0F806A8346AD}.Release|Any CPU.ActiveCfg = Release|Any CPU
		{EF3286D2-01C4-4EE9-87F2-0F806A8346AD}.Release|Any CPU.Build.0 = Release|Any CPU
		{9438BDA0-C461-4034-8C80-571D1E41D24C}.Debug|Any CPU.ActiveCfg = Debug|Any CPU
		{9438BDA0-C461-4034-8C80-571D1E41D24C}.Debug|Any CPU.Build.0 = Debug|Any CPU
		{9438BDA0-C461-4034-8C80-571D1E41D24C}.Release|Any CPU.ActiveCfg = Release|Any CPU
		{9438BDA0-C461-4034-8C80-571D1E41D24C}.Release|Any CPU.Build.0 = Release|Any CPU
		{BFA0CAA6-460B-4206-9923-9CAA065D711C}.Debug|Any CPU.ActiveCfg = Debug|Any CPU
		{BFA0CAA6-460B-4206-9923-9CAA065D711C}.Debug|Any CPU.Build.0 = Debug|Any CPU
		{BFA0CAA6-460B-4206-9923-9CAA065D711C}.Release|Any CPU.ActiveCfg = Release|Any CPU
		{BFA0CAA6-460B-4206-9923-9CAA065D711C}.Release|Any CPU.Build.0 = Release|Any CPU
		{76509951-B4BE-41CC-AF5E-ED4F8B5AE892}.Debug|Any CPU.ActiveCfg = Debug|Any CPU
		{76509951-B4BE-41CC-AF5E-ED4F8B5AE892}.Debug|Any CPU.Build.0 = Debug|Any CPU
		{76509951-B4BE-41CC-AF5E-ED4F8B5AE892}.Release|Any CPU.ActiveCfg = Release|Any CPU
		{76509951-B4BE-41CC-AF5E-ED4F8B5AE892}.Release|Any CPU.Build.0 = Release|Any CPU
	EndGlobalSection
	GlobalSection(SolutionProperties) = preSolution
		HideSolutionNode = FALSE
	EndGlobalSection
	GlobalSection(NestedProjects) = preSolution
		{28A2490F-AC15-475C-9B2B-F0F292F6FECC} = {446A6EDD-8FF6-4F95-872C-BCA1BAD01DAA}
		{8EA851E1-EA5A-4D63-8A2D-FDC672A39137} = {B8901885-65FB-4A00-BB94-F3684D206AF3}
		{EF3286D2-01C4-4EE9-87F2-0F806A8346AD} = {DE34A0D6-0077-479D-BF64-0486A18F90A7}
		{07042C3F-B638-4BC6-8CBC-B9FF7A5D319D} = {C460CB99-A5A9-40B6-A618-222A81C1F779}
		{D89D7159-9EAC-4F66-8C96-9CC048F7C0DE} = {C460CB99-A5A9-40B6-A618-222A81C1F779}
		{7A262386-8E9C-4827-9C24-35E25660B730} = {C460CB99-A5A9-40B6-A618-222A81C1F779}
		{A3111683-BBC8-49A9-A17A-8D7E8DFDA7D9} = {C460CB99-A5A9-40B6-A618-222A81C1F779}
		{C139E026-03A9-4C97-9221-17260BE4A50B} = {C460CB99-A5A9-40B6-A618-222A81C1F779}
		{9438BDA0-C461-4034-8C80-571D1E41D24C} = {C139E026-03A9-4C97-9221-17260BE4A50B}
		{BFA0CAA6-460B-4206-9923-9CAA065D711C} = {7A262386-8E9C-4827-9C24-35E25660B730}
		{76509951-B4BE-41CC-AF5E-ED4F8B5AE892} = {A3111683-BBC8-49A9-A17A-8D7E8DFDA7D9}
	EndGlobalSection
	GlobalSection(ExtensibilityGlobals) = postSolution
		SolutionGuid = {ECA5AA3A-F48C-47A7-BC3C-E99E3B9A5CBB}
	EndGlobalSection
EndGlobal
